// !$*UTF8*$!
{
	archiveVersion = 1;
	classes = {
	};
	objectVersion = 46;
	objects = {

/* Begin PBXBuildFile section */
		87620B661F500D8F00B60C7D /* AddNewDetailsViewController.swift in Sources */ = {isa = PBXBuildFile; fileRef = 87620B651F500D8F00B60C7D /* AddNewDetailsViewController.swift */; };
		879AF0161F4FB29200893457 /* AppDelegate.swift in Sources */ = {isa = PBXBuildFile; fileRef = 879AF0151F4FB29200893457 /* AppDelegate.swift */; };
		879AF0181F4FB29200893457 /* ViewController.swift in Sources */ = {isa = PBXBuildFile; fileRef = 879AF0171F4FB29200893457 /* ViewController.swift */; };
		879AF01B1F4FB29200893457 /* Main.storyboard in Resources */ = {isa = PBXBuildFile; fileRef = 879AF0191F4FB29200893457 /* Main.storyboard */; };
		879AF01E1F4FB29200893457 /* _4_TableViewPersistent.xcdatamodeld in Sources */ = {isa = PBXBuildFile; fileRef = 879AF01C1F4FB29200893457 /* _4_TableViewPersistent.xcdatamodeld */; };
		879AF0201F4FB29200893457 /* Assets.xcassets in Resources */ = {isa = PBXBuildFile; fileRef = 879AF01F1F4FB29200893457 /* Assets.xcassets */; };
		879AF0231F4FB29200893457 /* LaunchScreen.storyboard in Resources */ = {isa = PBXBuildFile; fileRef = 879AF0211F4FB29200893457 /* LaunchScreen.storyboard */; };
		879AF02B1F4FB2BE00893457 /* DataController.swift in Sources */ = {isa = PBXBuildFile; fileRef = 879AF02A1F4FB2BE00893457 /* DataController.swift */; };
		879AF02D1F4FB35700893457 /* football_teams.plist in Resources */ = {isa = PBXBuildFile; fileRef = 879AF02C1F4FB35700893457 /* football_teams.plist */; };
		879AF02F1F4FB5E200893457 /* FootballTeamTableViewCell.swift in Sources */ = {isa = PBXBuildFile; fileRef = 879AF02E1F4FB5E200893457 /* FootballTeamTableViewCell.swift */; };
/* End PBXBuildFile section */

/* Begin PBXFileReference section */
		87620B651F500D8F00B60C7D /* AddNewDetailsViewController.swift */ = {isa = PBXFileReference; fileEncoding = 4; lastKnownFileType = sourcecode.swift; name = AddNewDetailsViewController.swift; path = ../AddNewDetailsViewController.swift; sourceTree = "<group>"; };
		879AF0121F4FB29200893457 /* 54_TableViewPersistent.app */ = {isa = PBXFileReference; explicitFileType = wrapper.application; includeInIndex = 0; path = 54_TableViewPersistent.app; sourceTree = BUILT_PRODUCTS_DIR; };
		879AF0151F4FB29200893457 /* AppDelegate.swift */ = {isa = PBXFileReference; lastKnownFileType = sourcecode.swift; path = AppDelegate.swift; sourceTree = "<group>"; };
		879AF0171F4FB29200893457 /* ViewController.swift */ = {isa = PBXFileReference; lastKnownFileType = sourcecode.swift; path = ViewController.swift; sourceTree = "<group>"; };
		879AF01A1F4FB29200893457 /* Base */ = {isa = PBXFileReference; lastKnownFileType = file.storyboard; name = Base; path = Base.lproj/Main.storyboard; sourceTree = "<group>"; };
		879AF01D1F4FB29200893457 /* _4_TableViewPersistent.xcdatamodel */ = {isa = PBXFileReference; lastKnownFileType = wrapper.xcdatamodel; path = _4_TableViewPersistent.xcdatamodel; sourceTree = "<group>"; };
		879AF01F1F4FB29200893457 /* Assets.xcassets */ = {isa = PBXFileReference; lastKnownFileType = folder.assetcatalog; path = Assets.xcassets; sourceTree = "<group>"; };
		879AF0221F4FB29200893457 /* Base */ = {isa = PBXFileReference; lastKnownFileType = file.storyboard; name = Base; path = Base.lproj/LaunchScreen.storyboard; sourceTree = "<group>"; };
		879AF0241F4FB29200893457 /* Info.plist */ = {isa = PBXFileReference; lastKnownFileType = text.plist.xml; path = Info.plist; sourceTree = "<group>"; };
		879AF02A1F4FB2BE00893457 /* DataController.swift */ = {isa = PBXFileReference; fileEncoding = 4; lastKnownFileType = sourcecode.swift; path = DataController.swift; sourceTree = "<group>"; };
		879AF02C1F4FB35700893457 /* football_teams.plist */ = {isa = PBXFileReference; fileEncoding = 4; lastKnownFileType = text.plist.xml; path = football_teams.plist; sourceTree = "<group>"; };
		879AF02E1F4FB5E200893457 /* FootballTeamTableViewCell.swift */ = {isa = PBXFileReference; fileEncoding = 4; lastKnownFileType = sourcecode.swift; path = FootballTeamTableViewCell.swift; sourceTree = "<group>"; };
/* End PBXFileReference section */

/* Begin PBXFrameworksBuildPhase section */
		879AF00F1F4FB29200893457 /* Frameworks */ = {
			isa = PBXFrameworksBuildPhase;
			buildActionMask = 2147483647;
			files = (
			);
			runOnlyForDeploymentPostprocessing = 0;
		};
/* End PBXFrameworksBuildPhase section */

/* Begin PBXGroup section */
		879AF0091F4FB29200893457 = {
			isa = PBXGroup;
			children = (
				879AF0141F4FB29200893457 /* 54_TableViewPersistent */,
				879AF0131F4FB29200893457 /* Products */,
			);
			sourceTree = "<group>";
		};
		879AF0131F4FB29200893457 /* Products */ = {
			isa = PBXGroup;
			children = (
				879AF0121F4FB29200893457 /* 54_TableViewPersistent.app */,
			);
			name = Products;
			sourceTree = "<group>";
		};
		879AF0141F4FB29200893457 /* 54_TableViewPersistent */ = {
			isa = PBXGroup;
			children = (
				879AF0151F4FB29200893457 /* AppDelegate.swift */,
				879AF02A1F4FB2BE00893457 /* DataController.swift */,
				879AF0171F4FB29200893457 /* ViewController.swift */,
				87620B651F500D8F00B60C7D /* AddNewDetailsViewController.swift */,
				879AF0191F4FB29200893457 /* Main.storyboard */,
				879AF02E1F4FB5E200893457 /* FootballTeamTableViewCell.swift */,
				879AF01F1F4FB29200893457 /* Assets.xcassets */,
				879AF0211F4FB29200893457 /* LaunchScreen.storyboard */,
				879AF0241F4FB29200893457 /* Info.plist */,
				879AF02C1F4FB35700893457 /* football_teams.plist */,
				879AF01C1F4FB29200893457 /* _4_TableViewPersistent.xcdatamodeld */,
			);
			path = 54_TableViewPersistent;
			sourceTree = "<group>";
		};
/* End PBXGroup section */

/* Begin PBXNativeTarget section */
		879AF0111F4FB29200893457 /* 54_TableViewPersistent */ = {
			isa = PBXNativeTarget;
			buildConfigurationList = 879AF0271F4FB29200893457 /* Build configuration list for PBXNativeTarget "54_TableViewPersistent" */;
			buildPhases = (
				879AF00E1F4FB29200893457 /* Sources */,
				879AF00F1F4FB29200893457 /* Frameworks */,
				879AF0101F4FB29200893457 /* Resources */,
			);
			buildRules = (
			);
			dependencies = (
			);
			name = 54_TableViewPersistent;
			productName = 54_TableViewPersistent;
			productReference = 879AF0121F4FB29200893457 /* 54_TableViewPersistent.app */;
			productType = "com.apple.product-type.application";
		};
/* End PBXNativeTarget section */

/* Begin PBXProject section */
		879AF00A1F4FB29200893457 /* Project object */ = {
			isa = PBXProject;
			attributes = {
				LastSwiftUpdateCheck = 0830;
				LastUpgradeCheck = 0830;
				ORGANIZATIONNAME = AlexKoh;
				TargetAttributes = {
					879AF0111F4FB29200893457 = {
						CreatedOnToolsVersion = 8.3.3;
						DevelopmentTeam = JYP92526QQ;
						ProvisioningStyle = Automatic;
					};
				};
			};
			buildConfigurationList = 879AF00D1F4FB29200893457 /* Build configuration list for PBXProject "54_TableViewPersistent" */;
			compatibilityVersion = "Xcode 3.2";
			developmentRegion = English;
			hasScannedForEncodings = 0;
			knownRegions = (
				en,
				Base,
			);
			mainGroup = 879AF0091F4FB29200893457;
			productRefGroup = 879AF0131F4FB29200893457 /* Products */;
			projectDirPath = "";
			projectRoot = "";
			targets = (
				879AF0111F4FB29200893457 /* 54_TableViewPersistent */,
			);
		};
/* End PBXProject section */

/* Begin PBXResourcesBuildPhase section */
		879AF0101F4FB29200893457 /* Resources */ = {
			isa = PBXResourcesBuildPhase;
			buildActionMask = 2147483647;
			files = (
				879AF0231F4FB29200893457 /* LaunchScreen.storyboard in Resources */,
				879AF0201F4FB29200893457 /* Assets.xcassets in Resources */,
				879AF02D1F4FB35700893457 /* football_teams.plist in Resources */,
				879AF01B1F4FB29200893457 /* Main.storyboard in Resources */,
			);
			runOnlyForDeploymentPostprocessing = 0;
		};
/* End PBXResourcesBuildPhase section */

/* Begin PBXSourcesBuildPhase section */
		879AF00E1F4FB29200893457 /* Sources */ = {
			isa = PBXSourcesBuildPhase;
			buildActionMask = 2147483647;
			files = (
				879AF0181F4FB29200893457 /* ViewController.swift in Sources */,
				879AF02B1F4FB2BE00893457 /* DataController.swift in Sources */,
				87620B661F500D8F00B60C7D /* AddNewDetailsViewController.swift in Sources */,
				879AF01E1F4FB29200893457 /* _4_TableViewPersistent.xcdatamodeld in Sources */,
				879AF0161F4FB29200893457 /* AppDelegate.swift in Sources */,
				879AF02F1F4FB5E200893457 /* FootballTeamTableViewCell.swift in Sources */,
			);
			runOnlyForDeploymentPostprocessing = 0;
		};
/* End PBXSourcesBuildPhase section */

/* Begin PBXVariantGroup section */
		879AF0191F4FB29200893457 /* Main.storyboard */ = {
			isa = PBXVariantGroup;
			children = (
				879AF01A1F4FB29200893457 /* Base */,
			);
			name = Main.storyboard;
			sourceTree = "<group>";
		};
		879AF0211F4FB29200893457 /* LaunchScreen.storyboard */ = {
			isa = PBXVariantGroup;
			children = (
				879AF0221F4FB29200893457 /* Base */,
			);
			name = LaunchScreen.storyboard;
			sourceTree = "<group>";
		};
/* End PBXVariantGroup section */

/* Begin XCBuildConfiguration section */
		879AF0251F4FB29200893457 /* Debug */ = {
			isa = XCBuildConfiguration;
			buildSettings = {
				ALWAYS_SEARCH_USER_PATHS = NO;
				CLANG_ANALYZER_NONNULL = YES;
				CLANG_ANALYZER_NUMBER_OBJECT_CONVERSION = YES_AGGRESSIVE;
				CLANG_CXX_LANGUAGE_STANDARD = "gnu++0x";
				CLANG_CXX_LIBRARY = "libc++";
				CLANG_ENABLE_MODULES = YES;
				CLANG_ENABLE_OBJC_ARC = YES;
				CLANG_WARN_BOOL_CONVERSION = YES;
				CLANG_WARN_CONSTANT_CONVERSION = YES;
				CLANG_WARN_DIRECT_OBJC_ISA_USAGE = YES_ERROR;
				CLANG_WARN_DOCUMENTATION_COMMENTS = YES;
				CLANG_WARN_EMPTY_BODY = YES;
				CLANG_WARN_ENUM_CONVERSION = YES;
				CLANG_WARN_INFINITE_RECURSION = YES;
				CLANG_WARN_INT_CONVERSION = YES;
				CLANG_WARN_OBJC_ROOT_CLASS = YES_ERROR;
				CLANG_WARN_SUSPICIOUS_MOVE = YES;
				CLANG_WARN_UNREACHABLE_CODE = YES;
				CLANG_WARN__DUPLICATE_METHOD_MATCH = YES;
				"CODE_SIGN_IDENTITY[sdk=iphoneos*]" = "iPhone Developer";
				COPY_PHASE_STRIP = NO;
				DEBUG_INFORMATION_FORMAT = dwarf;
				ENABLE_STRICT_OBJC_MSGSEND = YES;
				ENABLE_TESTABILITY = YES;
				GCC_C_LANGUAGE_STANDARD = gnu99;
				GCC_DYNAMIC_NO_PIC = NO;
				GCC_NO_COMMON_BLOCKS = YES;
				GCC_OPTIMIZATION_LEVEL = 0;
				GCC_PREPROCESSOR_DEFINITIONS = (
					"DEBUG=1",
					"$(inherited)",
				);
				GCC_WARN_64_TO_32_BIT_CONVERSION = YES;
				GCC_WARN_ABOUT_RETURN_TYPE = YES_ERROR;
				GCC_WARN_UNDECLARED_SELECTOR = YES;
				GCC_WARN_UNINITIALIZED_AUTOS = YES_AGGRESSIVE;
				GCC_WARN_UNUSED_FUNCTION = YES;
				GCC_WARN_UNUSED_VARIABLE = YES;
				IPHONEOS_DEPLOYMENT_TARGET = 10.3;
				MTL_ENABLE_DEBUG_INFO = YES;
				ONLY_ACTIVE_ARCH = YES;
				SDKROOT = iphoneos;
				SWIFT_ACTIVE_COMPILATION_CONDITIONS = DEBUG;
				SWIFT_OPTIMIZATION_LEVEL = "-Onone";
			};
			name = Debug;
		};
		879AF0261F4FB29200893457 /* Release */ = {
			isa = XCBuildConfiguration;
			buildSettings = {
				ALWAYS_SEARCH_USER_PATHS = NO;
				CLANG_ANALYZER_NONNULL = YES;
				CLANG_ANALYZER_NUMBER_OBJECT_CONVERSION = YES_AGGRESSIVE;
				CLANG_CXX_LANGUAGE_STANDARD = "gnu++0x";
				CLANG_CXX_LIBRARY = "libc++";
				CLANG_ENABLE_MODULES = YES;
				CLANG_ENABLE_OBJC_ARC = YES;
				CLANG_WARN_BOOL_CONVERSION = YES;
				CLANG_WARN_CONSTANT_CONVERSION = YES;
				CLANG_WARN_DIRECT_OBJC_ISA_USAGE = YES_ERROR;
				CLANG_WARN_DOCUMENTATION_COMMENTS = YES;
				CLANG_WARN_EMPTY_BODY = YES;
				CLANG_WARN_ENUM_CONVERSION = YES;
				CLANG_WARN_INFINITE_RECURSION = YES;
				CLANG_WARN_INT_CONVERSION = YES;
				CLANG_WARN_OBJC_ROOT_CLASS = YES_ERROR;
				CLANG_WARN_SUSPICIOUS_MOVE = YES;
				CLANG_WARN_UNREACHABLE_CODE = YES;
				CLANG_WARN__DUPLICATE_METHOD_MATCH = YES;
				"CODE_SIGN_IDENTITY[sdk=iphoneos*]" = "iPhone Developer";
				COPY_PHASE_STRIP = NO;
				DEBUG_INFORMATION_FORMAT = "dwarf-with-dsym";
				ENABLE_NS_ASSERTIONS = NO;
				ENABLE_STRICT_OBJC_MSGSEND = YES;
				GCC_C_LANGUAGE_STANDARD = gnu99;
				GCC_NO_COMMON_BLOCKS = YES;
				GCC_WARN_64_TO_32_BIT_CONVERSION = YES;
				GCC_WARN_ABOUT_RETURN_TYPE = YES_ERROR;
				GCC_WARN_UNDECLARED_SELECTOR = YES;
				GCC_WARN_UNINITIALIZED_AUTOS = YES_AGGRESSIVE;
				GCC_WARN_UNUSED_FUNCTION = YES;
				GCC_WARN_UNUSED_VARIABLE = YES;
				IPHONEOS_DEPLOYMENT_TARGET = 10.3;
				MTL_ENABLE_DEBUG_INFO = NO;
				SDKROOT = iphoneos;
				SWIFT_OPTIMIZATION_LEVEL = "-Owholemodule";
				VALIDATE_PRODUCT = YES;
			};
			name = Release;
		};
		879AF0281F4FB29200893457 /* Debug */ = {
			isa = XCBuildConfiguration;
			buildSettings = {
				ASSETCATALOG_COMPILER_APPICON_NAME = AppIcon;
				DEVELOPMENT_TEAM = JYP92526QQ;
				INFOPLIST_FILE = 54_TableViewPersistent/Info.plist;
				LD_RUNPATH_SEARCH_PATHS = "$(inherited) @executable_path/Frameworks";
				PRODUCT_BUNDLE_IDENTIFIER = "AK.-4-TableViewPersistent";
				PRODUCT_NAME = "$(TARGET_NAME)";
				SWIFT_VERSION = 3.0;
			};
			name = Debug;
		};
		879AF0291F4FB29200893457 /* Release */ = {
			isa = XCBuildConfiguration;
			buildSettings = {
				ASSETCATALOG_COMPILER_APPICON_NAME = AppIcon;
				DEVELOPMENT_TEAM = JYP92526QQ;
				INFOPLIST_FILE = 54_TableViewPersistent/Info.plist;
				LD_RUNPATH_SEARCH_PATHS = "$(inherited) @executable_path/Frameworks";
				PRODUCT_BUNDLE_IDENTIFIER = "AK.-4-TableViewPersistent";
				PRODUCT_NAME = "$(TARGET_NAME)";
				SWIFT_VERSION = 3.0;
			};
			name = Release;
		};
/* End XCBuildConfiguration section */

/* Begin XCConfigurationList section */
		879AF00D1F4FB29200893457 /* Build configuration list for PBXProject "54_TableViewPersistent" */ = {
			isa = XCConfigurationList;
			buildConfigurations = (
				879AF0251F4FB29200893457 /* Debug */,
				879AF0261F4FB29200893457 /* Release */,
			);
			defaultConfigurationIsVisible = 0;
			defaultConfigurationName = Release;
		};
		879AF0271F4FB29200893457 /* Build configuration list for PBXNativeTarget "54_TableViewPersistent" */ = {
			isa = XCConfigurationList;
			buildConfigurations = (
				879AF0281F4FB29200893457 /* Debug */,
				879AF0291F4FB29200893457 /* Release */,
			);
			defaultConfigurationIsVisible = 0;
			defaultConfigurationName = Release;
		};
/* End XCConfigurationList section */

/* Begin XCVersionGroup section */
		879AF01C1F4FB29200893457 /* _4_TableViewPersistent.xcdatamodeld */ = {
			isa = XCVersionGroup;
			children = (
				879AF01D1F4FB29200893457 /* _4_TableViewPersistent.xcdatamodel */,
			);
			currentVersion = 879AF01D1F4FB29200893457 /* _4_TableViewPersistent.xcdatamodel */;
			path = _4_TableViewPersistent.xcdatamodeld;
			sourceTree = "<group>";
			versionGroupType = wrapper.xcdatamodel;
		};
/* End XCVersionGroup section */
	};
	rootObject = 879AF00A1F4FB29200893457 /* Project object */;
}
